
Microsoft Visual Studio Solution File, Format Version 12.00
# Visual Studio 15
Project("{FAE04EC0-301F-11D3-BF4B-00C04F79EFBC}") = "gradebook", "gradebook\gradebook.csproj", "{A0DE44AD-AA77-4387-B36A-18F62672EE4C}"
EndProject
Global
	GlobalSection(SolutionConfigurationPlatforms) = preSolution
		Debug|Any CPU = Debug|Any CPU
		Release|Any CPU = Release|Any CPU
	EndGlobalSection
	GlobalSection(ProjectConfigurationPlatforms) = postSolution
		{A0DE44AD-AA77-4387-B36A-18F62672EE4C}.Debug|Any CPU.ActiveCfg = Debug|Any CPU
		{A0DE44AD-AA77-4387-B36A-18F62672EE4C}.Debug|Any CPU.Build.0 = Debug|Any CPU
		{A0DE44AD-AA77-4387-B36A-18F62672EE4C}.Release|Any CPU.ActiveCfg = Release|Any CPU
		{A0DE44AD-AA77-4387-B36A-18F62672EE4C}.Release|Any CPU.Build.0 = Release|Any CPU
	EndGlobalSection
EndGlobal
